// !$*UTF8*$!
{
	archiveVersion = 1;
	classes = {
	};
	objectVersion = 55;
	objects = {

/* Begin PBXBuildFile section */
		57ED53C62703182B001C2622 /* ExplainLifeApp.swift in Sources */ = {isa = PBXBuildFile; fileRef = 57ED53C52703182B001C2622 /* ExplainLifeApp.swift */; };
		57ED53C82703182B001C2622 /* ContentView.swift in Sources */ = {isa = PBXBuildFile; fileRef = 57ED53C72703182B001C2622 /* ContentView.swift */; };
		57ED53CA2703182D001C2622 /* Assets.xcassets in Resources */ = {isa = PBXBuildFile; fileRef = 57ED53C92703182D001C2622 /* Assets.xcassets */; };
		57ED53CD2703182D001C2622 /* Preview Assets.xcassets in Resources */ = {isa = PBXBuildFile; fileRef = 57ED53CC2703182D001C2622 /* Preview Assets.xcassets */; };
		57ED53D4270357C8001C2622 /* GoogleService-Info.plist in Resources */ = {isa = PBXBuildFile; fileRef = 57ED53D3270357C8001C2622 /* GoogleService-Info.plist */; };
		57ED53D927035E46001C2622 /* .gitignore in Resources */ = {isa = PBXBuildFile; fileRef = 57ED53D827035E46001C2622 /* .gitignore */; };
		57ED53DB27036AE0001C2622 /* LaunchScreen.storyboard in Resources */ = {isa = PBXBuildFile; fileRef = 57ED53DA27036AE0001C2622 /* LaunchScreen.storyboard */; };
		57ED53E027037141001C2622 /* Aeonik-Regular.otf in Resources */ = {isa = PBXBuildFile; fileRef = 57ED53DD27037141001C2622 /* Aeonik-Regular.otf */; };
		57ED53E127037141001C2622 /* Aeonik-Light.otf in Resources */ = {isa = PBXBuildFile; fileRef = 57ED53DE27037141001C2622 /* Aeonik-Light.otf */; };
		57ED53E227037141001C2622 /* Aeonik-Bold.otf in Resources */ = {isa = PBXBuildFile; fileRef = 57ED53DF27037141001C2622 /* Aeonik-Bold.otf */; };
		97F6E66EB4C96DA292C62429 /* Pods_ExplainLife.framework in Frameworks */ = {isa = PBXBuildFile; fileRef = 2B3A3343DB1657E397B3ED8B /* Pods_ExplainLife.framework */; };
/* End PBXBuildFile section */

/* Begin PBXFileReference section */
		2B3A3343DB1657E397B3ED8B /* Pods_ExplainLife.framework */ = {isa = PBXFileReference; explicitFileType = wrapper.framework; includeInIndex = 0; path = Pods_ExplainLife.framework; sourceTree = BUILT_PRODUCTS_DIR; };
		54FE607964BD3563BC299D55 /* Pods-ExplainLife.debug.xcconfig */ = {isa = PBXFileReference; includeInIndex = 1; lastKnownFileType = text.xcconfig; name = "Pods-ExplainLife.debug.xcconfig"; path = "Target Support Files/Pods-ExplainLife/Pods-ExplainLife.debug.xcconfig"; sourceTree = "<group>"; };
		57ED53C22703182B001C2622 /* ExplainLife.app */ = {isa = PBXFileReference; explicitFileType = wrapper.application; includeInIndex = 0; path = ExplainLife.app; sourceTree = BUILT_PRODUCTS_DIR; };
		57ED53C52703182B001C2622 /* ExplainLifeApp.swift */ = {isa = PBXFileReference; lastKnownFileType = sourcecode.swift; path = ExplainLifeApp.swift; sourceTree = "<group>"; };
		57ED53C72703182B001C2622 /* ContentView.swift */ = {isa = PBXFileReference; lastKnownFileType = sourcecode.swift; path = ContentView.swift; sourceTree = "<group>"; };
		57ED53C92703182D001C2622 /* Assets.xcassets */ = {isa = PBXFileReference; lastKnownFileType = folder.assetcatalog; path = Assets.xcassets; sourceTree = "<group>"; };
		57ED53CC2703182D001C2622 /* Preview Assets.xcassets */ = {isa = PBXFileReference; lastKnownFileType = folder.assetcatalog; path = "Preview Assets.xcassets"; sourceTree = "<group>"; };
		57ED53D3270357C8001C2622 /* GoogleService-Info.plist */ = {isa = PBXFileReference; fileEncoding = 4; lastKnownFileType = text.plist.xml; path = "GoogleService-Info.plist"; sourceTree = "<group>"; };
		57ED53D827035E46001C2622 /* .gitignore */ = {isa = PBXFileReference; lastKnownFileType = text; path = .gitignore; sourceTree = "<group>"; };
		57ED53DA27036AE0001C2622 /* LaunchScreen.storyboard */ = {isa = PBXFileReference; lastKnownFileType = file.storyboard; path = LaunchScreen.storyboard; sourceTree = "<group>"; };
		57ED53DD27037141001C2622 /* Aeonik-Regular.otf */ = {isa = PBXFileReference; lastKnownFileType = file; path = "Aeonik-Regular.otf"; sourceTree = "<group>"; };
		57ED53DE27037141001C2622 /* Aeonik-Light.otf */ = {isa = PBXFileReference; lastKnownFileType = file; path = "Aeonik-Light.otf"; sourceTree = "<group>"; };
		57ED53DF27037141001C2622 /* Aeonik-Bold.otf */ = {isa = PBXFileReference; lastKnownFileType = file; path = "Aeonik-Bold.otf"; sourceTree = "<group>"; };
		57ED53E3270372DB001C2622 /* Info.plist */ = {isa = PBXFileReference; lastKnownFileType = text.plist; path = Info.plist; sourceTree = "<group>"; };
		A1380F4F71226FE8ED9B78AF /* Pods-ExplainLife.release.xcconfig */ = {isa = PBXFileReference; includeInIndex = 1; lastKnownFileType = text.xcconfig; name = "Pods-ExplainLife.release.xcconfig"; path = "Target Support Files/Pods-ExplainLife/Pods-ExplainLife.release.xcconfig"; sourceTree = "<group>"; };
/* End PBXFileReference section */

/* Begin PBXFrameworksBuildPhase section */
		57ED53BF2703182B001C2622 /* Frameworks */ = {
			isa = PBXFrameworksBuildPhase;
			buildActionMask = 2147483647;
			files = (
				97F6E66EB4C96DA292C62429 /* Pods_ExplainLife.framework in Frameworks */,
			);
			runOnlyForDeploymentPostprocessing = 0;
		};
/* End PBXFrameworksBuildPhase section */

/* Begin PBXGroup section */
		20BDD240A55514B7F2E7ED8A /* Pods */ = {
			isa = PBXGroup;
			children = (
				54FE607964BD3563BC299D55 /* Pods-ExplainLife.debug.xcconfig */,
				A1380F4F71226FE8ED9B78AF /* Pods-ExplainLife.release.xcconfig */,
			);
			path = Pods;
			sourceTree = "<group>";
		};
		4669D29903FED89AB683D8A3 /* Frameworks */ = {
			isa = PBXGroup;
			children = (
				2B3A3343DB1657E397B3ED8B /* Pods_ExplainLife.framework */,
			);
			name = Frameworks;
			sourceTree = "<group>";
		};
		57ED53B92703182B001C2622 = {
			isa = PBXGroup;
			children = (
				57ED53D727035E1B001C2622 /* Git */,
				57ED53C42703182B001C2622 /* ExplainLife */,
				57ED53C32703182B001C2622 /* Products */,
				20BDD240A55514B7F2E7ED8A /* Pods */,
				4669D29903FED89AB683D8A3 /* Frameworks */,
			);
			sourceTree = "<group>";
		};
		57ED53C32703182B001C2622 /* Products */ = {
			isa = PBXGroup;
			children = (
				57ED53C22703182B001C2622 /* ExplainLife.app */,
			);
			name = Products;
			sourceTree = "<group>";
		};
		57ED53C42703182B001C2622 /* ExplainLife */ = {
			isa = PBXGroup;
			children = (
				57ED53DC270370E8001C2622 /* Fonts */,
				57ED53E3270372DB001C2622 /* Info.plist */,
				57ED53D3270357C8001C2622 /* GoogleService-Info.plist */,
				57ED53C52703182B001C2622 /* ExplainLifeApp.swift */,
				57ED53C72703182B001C2622 /* ContentView.swift */,
				57ED53DA27036AE0001C2622 /* LaunchScreen.storyboard */,
				57ED53C92703182D001C2622 /* Assets.xcassets */,
				57ED53CB2703182D001C2622 /* Preview Content */,
			);
			path = ExplainLife;
			sourceTree = "<group>";
		};
		57ED53CB2703182D001C2622 /* Preview Content */ = {
			isa = PBXGroup;
			children = (
				57ED53CC2703182D001C2622 /* Preview Assets.xcassets */,
			);
			path = "Preview Content";
			sourceTree = "<group>";
		};
		57ED53D727035E1B001C2622 /* Git */ = {
			isa = PBXGroup;
			children = (
				57ED53D827035E46001C2622 /* .gitignore */,
			);
			path = Git;
			sourceTree = "<group>";
		};
		57ED53DC270370E8001C2622 /* Fonts */ = {
			isa = PBXGroup;
			children = (
				57ED53DF27037141001C2622 /* Aeonik-Bold.otf */,
				57ED53DE27037141001C2622 /* Aeonik-Light.otf */,
				57ED53DD27037141001C2622 /* Aeonik-Regular.otf */,
			);
			path = Fonts;
			sourceTree = "<group>";
		};
/* End PBXGroup section */

/* Begin PBXNativeTarget section */
		57ED53C12703182B001C2622 /* ExplainLife */ = {
			isa = PBXNativeTarget;
			buildConfigurationList = 57ED53D02703182D001C2622 /* Build configuration list for PBXNativeTarget "ExplainLife" */;
			buildPhases = (
				1257D314B20FA372D77C4BF3 /* [CP] Check Pods Manifest.lock */,
				57ED53BE2703182B001C2622 /* Sources */,
				57ED53BF2703182B001C2622 /* Frameworks */,
				57ED53C02703182B001C2622 /* Resources */,
				40537879B944B01D53308791 /* [CP] Embed Pods Frameworks */,
			);
			buildRules = (
			);
			dependencies = (
			);
			name = ExplainLife;
			productName = ExplainLife;
			productReference = 57ED53C22703182B001C2622 /* ExplainLife.app */;
			productType = "com.apple.product-type.application";
		};
/* End PBXNativeTarget section */

/* Begin PBXProject section */
		57ED53BA2703182B001C2622 /* Project object */ = {
			isa = PBXProject;
			attributes = {
				BuildIndependentTargetsInParallel = 1;
				LastSwiftUpdateCheck = 1300;
				LastUpgradeCheck = 1300;
				TargetAttributes = {
					57ED53C12703182B001C2622 = {
						CreatedOnToolsVersion = 13.0;
					};
				};
			};
			buildConfigurationList = 57ED53BD2703182B001C2622 /* Build configuration list for PBXProject "ExplainLife" */;
			compatibilityVersion = "Xcode 13.0";
			developmentRegion = en;
			hasScannedForEncodings = 0;
			knownRegions = (
				en,
				Base,
			);
			mainGroup = 57ED53B92703182B001C2622;
			productRefGroup = 57ED53C32703182B001C2622 /* Products */;
			projectDirPath = "";
			projectRoot = "";
			targets = (
				57ED53C12703182B001C2622 /* ExplainLife */,
			);
		};
/* End PBXProject section */

/* Begin PBXResourcesBuildPhase section */
		57ED53C02703182B001C2622 /* Resources */ = {
			isa = PBXResourcesBuildPhase;
			buildActionMask = 2147483647;
			files = (
				57ED53D927035E46001C2622 /* .gitignore in Resources */,
				57ED53E027037141001C2622 /* Aeonik-Regular.otf in Resources */,
				57ED53CD2703182D001C2622 /* Preview Assets.xcassets in Resources */,
				57ED53E227037141001C2622 /* Aeonik-Bold.otf in Resources */,
				57ED53CA2703182D001C2622 /* Assets.xcassets in Resources */,
				57ED53E127037141001C2622 /* Aeonik-Light.otf in Resources */,
				57ED53DB27036AE0001C2622 /* LaunchScreen.storyboard in Resources */,
				57ED53D4270357C8001C2622 /* GoogleService-Info.plist in Resources */,
			);
			runOnlyForDeploymentPostprocessing = 0;
		};
/* End PBXResourcesBuildPhase section */

/* Begin PBXShellScriptBuildPhase section */
		1257D314B20FA372D77C4BF3 /* [CP] Check Pods Manifest.lock */ = {
			isa = PBXShellScriptBuildPhase;
			buildActionMask = 2147483647;
			files = (
			);
			inputFileListPaths = (
			);
			inputPaths = (
				"${PODS_PODFILE_DIR_PATH}/Podfile.lock",
				"${PODS_ROOT}/Manifest.lock",
			);
			name = "[CP] Check Pods Manifest.lock";
			outputFileListPaths = (
			);
			outputPaths = (
				"$(DERIVED_FILE_DIR)/Pods-ExplainLife-checkManifestLockResult.txt",
			);
			runOnlyForDeploymentPostprocessing = 0;
			shellPath = /bin/sh;
			shellScript = "diff \"${PODS_PODFILE_DIR_PATH}/Podfile.lock\" \"${PODS_ROOT}/Manifest.lock\" > /dev/null\nif [ $? != 0 ] ; then\n    # print error to STDERR\n    echo \"error: The sandbox is not in sync with the Podfile.lock. Run 'pod install' or update your CocoaPods installation.\" >&2\n    exit 1\nfi\n# This output is used by Xcode 'outputs' to avoid re-running this script phase.\necho \"SUCCESS\" > \"${SCRIPT_OUTPUT_FILE_0}\"\n";
			showEnvVarsInLog = 0;
		};
		40537879B944B01D53308791 /* [CP] Embed Pods Frameworks */ = {
			isa = PBXShellScriptBuildPhase;
			buildActionMask = 2147483647;
			files = (
			);
			inputFileListPaths = (
				"${PODS_ROOT}/Target Support Files/Pods-ExplainLife/Pods-ExplainLife-frameworks-${CONFIGURATION}-input-files.xcfilelist",
			);
			name = "[CP] Embed Pods Frameworks";
			outputFileListPaths = (
				"${PODS_ROOT}/Target Support Files/Pods-ExplainLife/Pods-ExplainLife-frameworks-${CONFIGURATION}-output-files.xcfilelist",
			);
			runOnlyForDeploymentPostprocessing = 0;
			shellPath = /bin/sh;
			shellScript = "\"${PODS_ROOT}/Target Support Files/Pods-ExplainLife/Pods-ExplainLife-frameworks.sh\"\n";
			showEnvVarsInLog = 0;
		};
/* End PBXShellScriptBuildPhase section */

/* Begin PBXSourcesBuildPhase section */
		57ED53BE2703182B001C2622 /* Sources */ = {
			isa = PBXSourcesBuildPhase;
			buildActionMask = 2147483647;
			files = (
				57ED53C82703182B001C2622 /* ContentView.swift in Sources */,
				57ED53C62703182B001C2622 /* ExplainLifeApp.swift in Sources */,
			);
			runOnlyForDeploymentPostprocessing = 0;
		};
/* End PBXSourcesBuildPhase section */

/* Begin XCBuildConfiguration section */
		57ED53CE2703182D001C2622 /* Debug */ = {
			isa = XCBuildConfiguration;
			buildSettings = {
				ALWAYS_SEARCH_USER_PATHS = NO;
				CLANG_ANALYZER_NONNULL = YES;
				CLANG_ANALYZER_NUMBER_OBJECT_CONVERSION = YES_AGGRESSIVE;
				CLANG_CXX_LANGUAGE_STANDARD = "gnu++17";
				CLANG_CXX_LIBRARY = "libc++";
				CLANG_ENABLE_MODULES = YES;
				CLANG_ENABLE_OBJC_ARC = YES;
				CLANG_ENABLE_OBJC_WEAK = YES;
				CLANG_WARN_BLOCK_CAPTURE_AUTORELEASING = YES;
				CLANG_WARN_BOOL_CONVERSION = YES;
				CLANG_WARN_COMMA = YES;
				CLANG_WARN_CONSTANT_CONVERSION = YES;
				CLANG_WARN_DEPRECATED_OBJC_IMPLEMENTATIONS = YES;
				CLANG_WARN_DIRECT_OBJC_ISA_USAGE = YES_ERROR;
				CLANG_WARN_DOCUMENTATION_COMMENTS = YES;
				CLANG_WARN_EMPTY_BODY = YES;
				CLANG_WARN_ENUM_CONVERSION = YES;
				CLANG_WARN_INFINITE_RECURSION = YES;
				CLANG_WARN_INT_CONVERSION = YES;
				CLANG_WARN_NON_LITERAL_NULL_CONVERSION = YES;
				CLANG_WARN_OBJC_IMPLICIT_RETAIN_SELF = YES;
				CLANG_WARN_OBJC_LITERAL_CONVERSION = YES;
				CLANG_WARN_OBJC_ROOT_CLASS = YES_ERROR;
				CLANG_WARN_QUOTED_INCLUDE_IN_FRAMEWORK_HEADER = YES;
				CLANG_WARN_RANGE_LOOP_ANALYSIS = YES;
				CLANG_WARN_STRICT_PROTOTYPES = YES;
				CLANG_WARN_SUSPICIOUS_MOVE = YES;
				CLANG_WARN_UNGUARDED_AVAILABILITY = YES_AGGRESSIVE;
				CLANG_WARN_UNREACHABLE_CODE = YES;
				CLANG_WARN__DUPLICATE_METHOD_MATCH = YES;
				COPY_PHASE_STRIP = NO;
				DEBUG_INFORMATION_FORMAT = dwarf;
				ENABLE_STRICT_OBJC_MSGSEND = YES;
				ENABLE_TESTABILITY = YES;
				GCC_C_LANGUAGE_STANDARD = gnu11;
				GCC_DYNAMIC_NO_PIC = NO;
				GCC_NO_COMMON_BLOCKS = YES;
				GCC_OPTIMIZATION_LEVEL = 0;
				GCC_PREPROCESSOR_DEFINITIONS = (
					"DEBUG=1",
					"$(inherited)",
				);
				GCC_WARN_64_TO_32_BIT_CONVERSION = YES;
				GCC_WARN_ABOUT_RETURN_TYPE = YES_ERROR;
				GCC_WARN_UNDECLARED_SELECTOR = YES;
				GCC_WARN_UNINITIALIZED_AUTOS = YES_AGGRESSIVE;
				GCC_WARN_UNUSED_FUNCTION = YES;
				GCC_WARN_UNUSED_VARIABLE = YES;
				IPHONEOS_DEPLOYMENT_TARGET = 15.0;
				MTL_ENABLE_DEBUG_INFO = INCLUDE_SOURCE;
				MTL_FAST_MATH = YES;
				ONLY_ACTIVE_ARCH = YES;
				SDKROOT = iphoneos;
				SWIFT_ACTIVE_COMPILATION_CONDITIONS = DEBUG;
				SWIFT_OPTIMIZATION_LEVEL = "-Onone";
			};
			name = Debug;
		};
		57ED53CF2703182D001C2622 /* Release */ = {
			isa = XCBuildConfiguration;
			buildSettings = {
				ALWAYS_SEARCH_USER_PATHS = NO;
				CLANG_ANALYZER_NONNULL = YES;
				CLANG_ANALYZER_NUMBER_OBJECT_CONVERSION = YES_AGGRESSIVE;
				CLANG_CXX_LANGUAGE_STANDARD = "gnu++17";
				CLANG_CXX_LIBRARY = "libc++";
				CLANG_ENABLE_MODULES = YES;
				CLANG_ENABLE_OBJC_ARC = YES;
				CLANG_ENABLE_OBJC_WEAK = YES;
				CLANG_WARN_BLOCK_CAPTURE_AUTORELEASING = YES;
				CLANG_WARN_BOOL_CONVERSION = YES;
				CLANG_WARN_COMMA = YES;
				CLANG_WARN_CONSTANT_CONVERSION = YES;
				CLANG_WARN_DEPRECATED_OBJC_IMPLEMENTATIONS = YES;
				CLANG_WARN_DIRECT_OBJC_ISA_USAGE = YES_ERROR;
				CLANG_WARN_DOCUMENTATION_COMMENTS = YES;
				CLANG_WARN_EMPTY_BODY = YES;
				CLANG_WARN_ENUM_CONVERSION = YES;
				CLANG_WARN_INFINITE_RECURSION = YES;
				CLANG_WARN_INT_CONVERSION = YES;
				CLANG_WARN_NON_LITERAL_NULL_CONVERSION = YES;
				CLANG_WARN_OBJC_IMPLICIT_RETAIN_SELF = YES;
				CLANG_WARN_OBJC_LITERAL_CONVERSION = YES;
				CLANG_WARN_OBJC_ROOT_CLASS = YES_ERROR;
				CLANG_WARN_QUOTED_INCLUDE_IN_FRAMEWORK_HEADER = YES;
				CLANG_WARN_RANGE_LOOP_ANALYSIS = YES;
				CLANG_WARN_STRICT_PROTOTYPES = YES;
				CLANG_WARN_SUSPICIOUS_MOVE = YES;
				CLANG_WARN_UNGUARDED_AVAILABILITY = YES_AGGRESSIVE;
				CLANG_WARN_UNREACHABLE_CODE = YES;
				CLANG_WARN__DUPLICATE_METHOD_MATCH = YES;
				COPY_PHASE_STRIP = NO;
				DEBUG_INFORMATION_FORMAT = "dwarf-with-dsym";
				ENABLE_NS_ASSERTIONS = NO;
				ENABLE_STRICT_OBJC_MSGSEND = YES;
				GCC_C_LANGUAGE_STANDARD = gnu11;
				GCC_NO_COMMON_BLOCKS = YES;
				GCC_WARN_64_TO_32_BIT_CONVERSION = YES;
				GCC_WARN_ABOUT_RETURN_TYPE = YES_ERROR;
				GCC_WARN_UNDECLARED_SELECTOR = YES;
				GCC_WARN_UNINITIALIZED_AUTOS = YES_AGGRESSIVE;
				GCC_WARN_UNUSED_FUNCTION = YES;
				GCC_WARN_UNUSED_VARIABLE = YES;
				IPHONEOS_DEPLOYMENT_TARGET = 15.0;
				MTL_ENABLE_DEBUG_INFO = NO;
				MTL_FAST_MATH = YES;
				SDKROOT = iphoneos;
				SWIFT_COMPILATION_MODE = wholemodule;
				SWIFT_OPTIMIZATION_LEVEL = "-O";
				VALIDATE_PRODUCT = YES;
			};
			name = Release;
		};
		57ED53D12703182D001C2622 /* Debug */ = {
			isa = XCBuildConfiguration;
			baseConfigurationReference = 54FE607964BD3563BC299D55 /* Pods-ExplainLife.debug.xcconfig */;
			buildSettings = {
				ASSETCATALOG_COMPILER_APPICON_NAME = AppIcon;
				ASSETCATALOG_COMPILER_GLOBAL_ACCENT_COLOR_NAME = AccentColor;
				ASSETCATALOG_COMPILER_INCLUDE_ALL_APPICON_ASSETS = NO;
				CODE_SIGN_IDENTITY = "Apple Development";
				CODE_SIGN_STYLE = Automatic;
				CURRENT_PROJECT_VERSION = 1;
				DEVELOPMENT_ASSET_PATHS = "\"ExplainLife/Preview Content\"";
				DEVELOPMENT_TEAM = NY29KDUYP3;
				ENABLE_PREVIEWS = YES;
				GENERATE_INFOPLIST_FILE = YES;
				INFOPLIST_FILE = ExplainLife/Info.plist;
				INFOPLIST_KEY_CFBundleDisplayName = "Explain Life";
				INFOPLIST_KEY_UIApplicationSceneManifest_Generation = YES;
				INFOPLIST_KEY_UIApplicationSupportsIndirectInputEvents = YES;
				INFOPLIST_KEY_UILaunchScreen_Generation = YES;
				INFOPLIST_KEY_UILaunchStoryboardName = LaunchScreen;
				INFOPLIST_KEY_UISupportedInterfaceOrientations_iPad = "UIInterfaceOrientationPortrait UIInterfaceOrientationPortraitUpsideDown UIInterfaceOrientationLandscapeLeft UIInterfaceOrientationLandscapeRight";
				INFOPLIST_KEY_UISupportedInterfaceOrientations_iPhone = "UIInterfaceOrientationPortrait UIInterfaceOrientationLandscapeLeft UIInterfaceOrientationLandscapeRight";
				IPHONEOS_DEPLOYMENT_TARGET = 14.0;
				LD_RUNPATH_SEARCH_PATHS = (
					"$(inherited)",
					"@executable_path/Frameworks",
				);
				MARKETING_VERSION = 1.0;
				PRODUCT_BUNDLE_IDENTIFIER = com.openwindow.ExplainLife;
				PRODUCT_NAME = "$(TARGET_NAME)";
				PROVISIONING_PROFILE_SPECIFIER = "";
				SWIFT_EMIT_LOC_STRINGS = YES;
				SWIFT_VERSION = 5.0;
				TARGETED_DEVICE_FAMILY = "1,2";
			};
			name = Debug;
		};
		57ED53D22703182D001C2622 /* Release */ = {
			isa = XCBuildConfiguration;
			baseConfigurationReference = A1380F4F71226FE8ED9B78AF /* Pods-ExplainLife.release.xcconfig */;
			buildSettings = {
				ASSETCATALOG_COMPILER_APPICON_NAME = AppIcon;
				ASSETCATALOG_COMPILER_GLOBAL_ACCENT_COLOR_NAME = AccentColor;
				ASSETCATALOG_COMPILER_INCLUDE_ALL_APPICON_ASSETS = NO;
				CODE_SIGN_IDENTITY = "Apple Development";
				CODE_SIGN_STYLE = Automatic;
				CURRENT_PROJECT_VERSION = 1;
				DEVELOPMENT_ASSET_PATHS = "\"ExplainLife/Preview Content\"";
				DEVELOPMENT_TEAM = NY29KDUYP3;
				ENABLE_PREVIEWS = YES;
				GENERATE_INFOPLIST_FILE = YES;
				INFOPLIST_FILE = ExplainLife/Info.plist;
				INFOPLIST_KEY_CFBundleDisplayName = "Explain Life";
				INFOPLIST_KEY_UIApplicationSceneManifest_Generation = YES;
				INFOPLIST_KEY_UIApplicationSupportsIndirectInputEvents = YES;
				INFOPLIST_KEY_UILaunchScreen_Generation = YES;
				INFOPLIST_KEY_UILaunchStoryboardName = LaunchScreen;
				INFOPLIST_KEY_UISupportedInterfaceOrientations_iPad = "UIInterfaceOrientationPortrait UIInterfaceOrientationPortraitUpsideDown UIInterfaceOrientationLandscapeLeft UIInterfaceOrientationLandscapeRight";
				INFOPLIST_KEY_UISupportedInterfaceOrientations_iPhone = "UIInterfaceOrientationPortrait UIInterfaceOrientationLandscapeLeft UIInterfaceOrientationLandscapeRight";
				IPHONEOS_DEPLOYMENT_TARGET = 14.0;
				LD_RUNPATH_SEARCH_PATHS = (
					"$(inherited)",
					"@executable_path/Frameworks",
				);
				MARKETING_VERSION = 1.0;
				PRODUCT_BUNDLE_IDENTIFIER = com.openwindow.ExplainLife;
				PRODUCT_NAME = "$(TARGET_NAME)";
				PROVISIONING_PROFILE_SPECIFIER = "";
				SWIFT_EMIT_LOC_STRINGS = YES;
				SWIFT_VERSION = 5.0;
				TARGETED_DEVICE_FAMILY = "1,2";
			};
			name = Release;
		};
/* End XCBuildConfiguration section */

/* Begin XCConfigurationList section */
		57ED53BD2703182B001C2622 /* Build configuration list for PBXProject "ExplainLife" */ = {
			isa = XCConfigurationList;
			buildConfigurations = (
				57ED53CE2703182D001C2622 /* Debug */,
				57ED53CF2703182D001C2622 /* Release */,
			);
			defaultConfigurationIsVisible = 0;
			defaultConfigurationName = Release;
		};
		57ED53D02703182D001C2622 /* Build configuration list for PBXNativeTarget "ExplainLife" */ = {
			isa = XCConfigurationList;
			buildConfigurations = (
				57ED53D12703182D001C2622 /* Debug */,
				57ED53D22703182D001C2622 /* Release */,
			);
			defaultConfigurationIsVisible = 0;
			defaultConfigurationName = Release;
		};
/* End XCConfigurationList section */
	};
	rootObject = 57ED53BA2703182B001C2622 /* Project object */;
}
